
Microsoft Visual Studio Solution File, Format Version 12.00
# Visual Studio Version 17
VisualStudioVersion = 17.14.36623.8 d17.14
MinimumVisualStudioVersion = 10.0.40219.1
Project("{FAE04EC0-301F-11D3-BF4B-00C04F79EFBC}") = "MyConnections", "MyConnections\MyConnections.csproj", "{4F6F9DCF-FD1C-4F6C-96F3-65DEDE310DCE}"
EndProject
Global
	GlobalSection(SolutionConfigurationPlatforms) = preSolution
		Debug|Any CPU = Debug|Any CPU
		Release|Any CPU = Release|Any CPU
	EndGlobalSection
	GlobalSection(ProjectConfigurationPlatforms) = postSolution
		{4F6F9DCF-FD1C-4F6C-96F3-65DEDE310DCE}.Debug|Any CPU.ActiveCfg = Debug|Any CPU
		{4F6F9DCF-FD1C-4F6C-96F3-65DEDE310DCE}.Debug|Any CPU.Build.0 = Debug|Any CPU
		{4F6F9DCF-FD1C-4F6C-96F3-65DEDE310DCE}.Release|Any CPU.ActiveCfg = Release|Any CPU
		{4F6F9DCF-FD1C-4F6C-96F3-65DEDE310DCE}.Release|Any CPU.Build.0 = Release|Any CPU
	EndGlobalSection
	GlobalSection(SolutionProperties) = preSolution
		HideSolutionNode = FALSE
	EndGlobalSection
	GlobalSection(ExtensibilityGlobals) = postSolution
		SolutionGuid = {8EFC57AB-2204-43FB-8EDA-257C8D308C6D}
	EndGlobalSection
EndGlobal
